// !$*UTF8*$!
{
	archiveVersion = 1;
	classes = {
	};
	objectVersion = 77;
	objects = {

/* Begin PBXBuildFile section */
		0C433AE42E574E1600475090 /* Quicksand-SemiBold.ttf in Resources */ = {isa = PBXBuildFile; fileRef = 0C433AE32E574E1600475090 /* Quicksand-SemiBold.ttf */; };
		0C433AE52E574E1600475090 /* Quicksand-Medium.ttf in Resources */ = {isa = PBXBuildFile; fileRef = 0C433AE12E574E1600475090 /* Quicksand-Medium.ttf */; };
		0C433AE62E574E1600475090 /* Quicksand-Bold.ttf in Resources */ = {isa = PBXBuildFile; fileRef = 0C433ADF2E574E1600475090 /* Quicksand-Bold.ttf */; };
		0C433AE72E574E1600475090 /* Quicksand-Regular.ttf in Resources */ = {isa = PBXBuildFile; fileRef = 0C433AE22E574E1600475090 /* Quicksand-Regular.ttf */; };
		0C433AE82E574E1600475090 /* Quicksand-Light.ttf in Resources */ = {isa = PBXBuildFile; fileRef = 0C433AE02E574E1600475090 /* Quicksand-Light.ttf */; };
		0C433AEC2E574E8300475090 /* Font+Extension.swift in Sources */ = {isa = PBXBuildFile; fileRef = 0C433AEB2E574E8300475090 /* Font+Extension.swift */; };
		0C433AF22E5755D200475090 /* LanguagePickerView.swift in Sources */ = {isa = PBXBuildFile; fileRef = 0C433AF12E5755D200475090 /* LanguagePickerView.swift */; };
		0C433AF52E5759A600475090 /* Country.swift in Sources */ = {isa = PBXBuildFile; fileRef = 0C433AF42E5759A600475090 /* Country.swift */; };
		0C433AF82E575AE500475090 /* CountryData.swift in Sources */ = {isa = PBXBuildFile; fileRef = 0C433AF72E575AE500475090 /* CountryData.swift */; };
		0C433AFA2E57674B00475090 /* PromptHorizontalListView.swift in Sources */ = {isa = PBXBuildFile; fileRef = 0C433AF92E57674B00475090 /* PromptHorizontalListView.swift */; };
		0C433AFE2E576B5700475090 /* Prompt.swift in Sources */ = {isa = PBXBuildFile; fileRef = 0C433AFD2E576B5700475090 /* Prompt.swift */; };
		0C433B002E576B7700475090 /* PromptData.swift in Sources */ = {isa = PBXBuildFile; fileRef = 0C433AFF2E576B7700475090 /* PromptData.swift */; };
		0C933F822E57934F000CF37C /* AudioPermissionManager.swift in Sources */ = {isa = PBXBuildFile; fileRef = 0C933F812E57934F000CF37C /* AudioPermissionManager.swift */; };
		0C933F852E579735000CF37C /* SettingsURLHandler.swift in Sources */ = {isa = PBXBuildFile; fileRef = 0C933F842E579735000CF37C /* SettingsURLHandler.swift */; };
		0C933F892E579C5A000CF37C /* AVAudioSession+Extension.swift in Sources */ = {isa = PBXBuildFile; fileRef = 0C933F882E579C5A000CF37C /* AVAudioSession+Extension.swift */; };
		0CB5E1382E57477F00A25378 /* AIVoiceChatApp.swift in Sources */ = {isa = PBXBuildFile; fileRef = 0CB5E1342E57477F00A25378 /* AIVoiceChatApp.swift */; };
		0CB5E1392E57477F00A25378 /* ContentView.swift in Sources */ = {isa = PBXBuildFile; fileRef = 0CB5E1362E57477F00A25378 /* ContentView.swift */; };
		0CB5E13A2E57477F00A25378 /* Assets.xcassets in Resources */ = {isa = PBXBuildFile; fileRef = 0CB5E1352E57477F00A25378 /* Assets.xcassets */; };
/* End PBXBuildFile section */

/* Begin PBXFileReference section */
		0C433ADF2E574E1600475090 /* Quicksand-Bold.ttf */ = {isa = PBXFileReference; lastKnownFileType = file; path = "Quicksand-Bold.ttf"; sourceTree = "<group>"; };
		0C433AE02E574E1600475090 /* Quicksand-Light.ttf */ = {isa = PBXFileReference; lastKnownFileType = file; path = "Quicksand-Light.ttf"; sourceTree = "<group>"; };
		0C433AE12E574E1600475090 /* Quicksand-Medium.ttf */ = {isa = PBXFileReference; lastKnownFileType = file; path = "Quicksand-Medium.ttf"; sourceTree = "<group>"; };
		0C433AE22E574E1600475090 /* Quicksand-Regular.ttf */ = {isa = PBXFileReference; lastKnownFileType = file; path = "Quicksand-Regular.ttf"; sourceTree = "<group>"; };
		0C433AE32E574E1600475090 /* Quicksand-SemiBold.ttf */ = {isa = PBXFileReference; lastKnownFileType = file; path = "Quicksand-SemiBold.ttf"; sourceTree = "<group>"; };
		0C433AE92E574E4600475090 /* Info.plist */ = {isa = PBXFileReference; lastKnownFileType = text.plist.xml; path = Info.plist; sourceTree = "<group>"; };
		0C433AEB2E574E8300475090 /* Font+Extension.swift */ = {isa = PBXFileReference; lastKnownFileType = sourcecode.swift; path = "Font+Extension.swift"; sourceTree = "<group>"; };
		0C433AF12E5755D200475090 /* LanguagePickerView.swift */ = {isa = PBXFileReference; lastKnownFileType = sourcecode.swift; path = LanguagePickerView.swift; sourceTree = "<group>"; };
		0C433AF42E5759A600475090 /* Country.swift */ = {isa = PBXFileReference; lastKnownFileType = sourcecode.swift; path = Country.swift; sourceTree = "<group>"; };
		0C433AF72E575AE500475090 /* CountryData.swift */ = {isa = PBXFileReference; lastKnownFileType = sourcecode.swift; path = CountryData.swift; sourceTree = "<group>"; };
		0C433AF92E57674B00475090 /* PromptHorizontalListView.swift */ = {isa = PBXFileReference; lastKnownFileType = sourcecode.swift; path = PromptHorizontalListView.swift; sourceTree = "<group>"; };
		0C433AFD2E576B5700475090 /* Prompt.swift */ = {isa = PBXFileReference; lastKnownFileType = sourcecode.swift; path = Prompt.swift; sourceTree = "<group>"; };
		0C433AFF2E576B7700475090 /* PromptData.swift */ = {isa = PBXFileReference; lastKnownFileType = sourcecode.swift; path = PromptData.swift; sourceTree = "<group>"; };
		0C933F812E57934F000CF37C /* AudioPermissionManager.swift */ = {isa = PBXFileReference; lastKnownFileType = sourcecode.swift; path = AudioPermissionManager.swift; sourceTree = "<group>"; };
		0C933F842E579735000CF37C /* SettingsURLHandler.swift */ = {isa = PBXFileReference; lastKnownFileType = sourcecode.swift; path = SettingsURLHandler.swift; sourceTree = "<group>"; };
		0C933F882E579C5A000CF37C /* AVAudioSession+Extension.swift */ = {isa = PBXFileReference; lastKnownFileType = sourcecode.swift; path = "AVAudioSession+Extension.swift"; sourceTree = "<group>"; };
		0CB5E1262E57477300A25378 /* AIVoiceChat.app */ = {isa = PBXFileReference; explicitFileType = wrapper.application; includeInIndex = 0; path = AIVoiceChat.app; sourceTree = BUILT_PRODUCTS_DIR; };
		0CB5E1342E57477F00A25378 /* AIVoiceChatApp.swift */ = {isa = PBXFileReference; lastKnownFileType = sourcecode.swift; path = AIVoiceChatApp.swift; sourceTree = "<group>"; };
		0CB5E1352E57477F00A25378 /* Assets.xcassets */ = {isa = PBXFileReference; lastKnownFileType = folder.assetcatalog; path = Assets.xcassets; sourceTree = "<group>"; };
		0CB5E1362E57477F00A25378 /* ContentView.swift */ = {isa = PBXFileReference; lastKnownFileType = sourcecode.swift; path = ContentView.swift; sourceTree = "<group>"; };
/* End PBXFileReference section */

/* Begin PBXFrameworksBuildPhase section */
		0CB5E1232E57477300A25378 /* Frameworks */ = {
			isa = PBXFrameworksBuildPhase;
			buildActionMask = 2147483647;
			files = (
			);
			runOnlyForDeploymentPostprocessing = 0;
		};
/* End PBXFrameworksBuildPhase section */

/* Begin PBXGroup section */
		0C433ADC2E574DBB00475090 /* App */ = {
			isa = PBXGroup;
			children = (
				0CB5E1342E57477F00A25378 /* AIVoiceChatApp.swift */,
			);
			path = App;
			sourceTree = "<group>";
		};
		0C433ADD2E574E0D00475090 /* Resources */ = {
			isa = PBXGroup;
			children = (
				0C433ADE2E574E1100475090 /* Font */,
			);
			path = Resources;
			sourceTree = "<group>";
		};
		0C433ADE2E574E1100475090 /* Font */ = {
			isa = PBXGroup;
			children = (
				0C433ADF2E574E1600475090 /* Quicksand-Bold.ttf */,
				0C433AE02E574E1600475090 /* Quicksand-Light.ttf */,
				0C433AE12E574E1600475090 /* Quicksand-Medium.ttf */,
				0C433AE22E574E1600475090 /* Quicksand-Regular.ttf */,
				0C433AE32E574E1600475090 /* Quicksand-SemiBold.ttf */,
			);
			path = Font;
			sourceTree = "<group>";
		};
		0C433AEA2E574E7400475090 /* Extension */ = {
			isa = PBXGroup;
			children = (
				0C433AEB2E574E8300475090 /* Font+Extension.swift */,
				0C933F882E579C5A000CF37C /* AVAudioSession+Extension.swift */,
			);
			path = Extension;
			sourceTree = "<group>";
		};
		0C433AF02E5755C900475090 /* View */ = {
			isa = PBXGroup;
			children = (
				0C433AF12E5755D200475090 /* LanguagePickerView.swift */,
				0C433AF92E57674B00475090 /* PromptHorizontalListView.swift */,
			);
			path = View;
			sourceTree = "<group>";
		};
		0C433AF32E57599F00475090 /* Model */ = {
			isa = PBXGroup;
			children = (
				0C433AF42E5759A600475090 /* Country.swift */,
				0C433AFD2E576B5700475090 /* Prompt.swift */,
			);
			path = Model;
			sourceTree = "<group>";
		};
		0C433AF62E575ADE00475090 /* Data */ = {
			isa = PBXGroup;
			children = (
				0C433AF72E575AE500475090 /* CountryData.swift */,
				0C433AFF2E576B7700475090 /* PromptData.swift */,
			);
			path = Data;
			sourceTree = "<group>";
		};
		0C933F802E579345000CF37C /* Manager */ = {
			isa = PBXGroup;
			children = (
				0C933F812E57934F000CF37C /* AudioPermissionManager.swift */,
			);
			path = Manager;
			sourceTree = "<group>";
		};
		0C933F832E579702000CF37C /* Helper */ = {
			isa = PBXGroup;
			children = (
				0C933F842E579735000CF37C /* SettingsURLHandler.swift */,
			);
			path = Helper;
			sourceTree = "<group>";
		};
		0CB5E11D2E57477300A25378 = {
			isa = PBXGroup;
			children = (
				0CB5E1372E57477F00A25378 /* AIVoiceChat */,
				0CB5E1272E57477300A25378 /* Products */,
			);
			sourceTree = "<group>";
		};
		0CB5E1272E57477300A25378 /* Products */ = {
			isa = PBXGroup;
			children = (
				0CB5E1262E57477300A25378 /* AIVoiceChat.app */,
			);
			name = Products;
			sourceTree = "<group>";
		};
		0CB5E1372E57477F00A25378 /* AIVoiceChat */ = {
			isa = PBXGroup;
			children = (
				0C933F832E579702000CF37C /* Helper */,
				0C933F802E579345000CF37C /* Manager */,
				0C433AF62E575ADE00475090 /* Data */,
				0C433AF32E57599F00475090 /* Model */,
				0C433AF02E5755C900475090 /* View */,
				0C433AEA2E574E7400475090 /* Extension */,
				0C433ADD2E574E0D00475090 /* Resources */,
				0C433ADC2E574DBB00475090 /* App */,
				0CB5E1352E57477F00A25378 /* Assets.xcassets */,
				0CB5E1362E57477F00A25378 /* ContentView.swift */,
				0C433AE92E574E4600475090 /* Info.plist */,
			);
			path = AIVoiceChat;
			sourceTree = "<group>";
		};
/* End PBXGroup section */

/* Begin PBXNativeTarget section */
		0CB5E1252E57477300A25378 /* AIVoiceChat */ = {
			isa = PBXNativeTarget;
			buildConfigurationList = 0CB5E1312E57477400A25378 /* Build configuration list for PBXNativeTarget "AIVoiceChat" */;
			buildPhases = (
				0CB5E1222E57477300A25378 /* Sources */,
				0CB5E1232E57477300A25378 /* Frameworks */,
				0CB5E1242E57477300A25378 /* Resources */,
			);
			buildRules = (
			);
			dependencies = (
			);
			name = AIVoiceChat;
			packageProductDependencies = (
			);
			productName = AIVoiceChat;
			productReference = 0CB5E1262E57477300A25378 /* AIVoiceChat.app */;
			productType = "com.apple.product-type.application";
		};
/* End PBXNativeTarget section */

/* Begin PBXProject section */
		0CB5E11E2E57477300A25378 /* Project object */ = {
			isa = PBXProject;
			attributes = {
				BuildIndependentTargetsInParallel = 1;
				LastSwiftUpdateCheck = 1630;
				LastUpgradeCheck = 1630;
				TargetAttributes = {
					0CB5E1252E57477300A25378 = {
						CreatedOnToolsVersion = 16.3;
					};
				};
			};
			buildConfigurationList = 0CB5E1212E57477300A25378 /* Build configuration list for PBXProject "AIVoiceChat" */;
			developmentRegion = en;
			hasScannedForEncodings = 0;
			knownRegions = (
				en,
				Base,
			);
			mainGroup = 0CB5E11D2E57477300A25378;
			minimizedProjectReferenceProxies = 1;
			preferredProjectObjectVersion = 77;
			productRefGroup = 0CB5E1272E57477300A25378 /* Products */;
			projectDirPath = "";
			projectRoot = "";
			targets = (
				0CB5E1252E57477300A25378 /* AIVoiceChat */,
			);
		};
/* End PBXProject section */

/* Begin PBXResourcesBuildPhase section */
		0CB5E1242E57477300A25378 /* Resources */ = {
			isa = PBXResourcesBuildPhase;
			buildActionMask = 2147483647;
			files = (
				0CB5E13A2E57477F00A25378 /* Assets.xcassets in Resources */,
				0C433AE42E574E1600475090 /* Quicksand-SemiBold.ttf in Resources */,
				0C433AE52E574E1600475090 /* Quicksand-Medium.ttf in Resources */,
				0C433AE62E574E1600475090 /* Quicksand-Bold.ttf in Resources */,
				0C433AE72E574E1600475090 /* Quicksand-Regular.ttf in Resources */,
				0C433AE82E574E1600475090 /* Quicksand-Light.ttf in Resources */,
			);
			runOnlyForDeploymentPostprocessing = 0;
		};
/* End PBXResourcesBuildPhase section */

/* Begin PBXSourcesBuildPhase section */
		0CB5E1222E57477300A25378 /* Sources */ = {
			isa = PBXSourcesBuildPhase;
			buildActionMask = 2147483647;
			files = (
				0C433AF22E5755D200475090 /* LanguagePickerView.swift in Sources */,
				0C433B002E576B7700475090 /* PromptData.swift in Sources */,
				0C433AFE2E576B5700475090 /* Prompt.swift in Sources */,
				0CB5E1382E57477F00A25378 /* AIVoiceChatApp.swift in Sources */,
				0C433AFA2E57674B00475090 /* PromptHorizontalListView.swift in Sources */,
				0CB5E1392E57477F00A25378 /* ContentView.swift in Sources */,
				0C433AF52E5759A600475090 /* Country.swift in Sources */,
				0C933F822E57934F000CF37C /* AudioPermissionManager.swift in Sources */,
				0C433AF82E575AE500475090 /* CountryData.swift in Sources */,
				0C933F852E579735000CF37C /* SettingsURLHandler.swift in Sources */,
				0C933F892E579C5A000CF37C /* AVAudioSession+Extension.swift in Sources */,
				0C433AEC2E574E8300475090 /* Font+Extension.swift in Sources */,
			);
			runOnlyForDeploymentPostprocessing = 0;
		};
/* End PBXSourcesBuildPhase section */

/* Begin XCBuildConfiguration section */
		0CB5E12F2E57477400A25378 /* Debug */ = {
			isa = XCBuildConfiguration;
			buildSettings = {
				ALWAYS_SEARCH_USER_PATHS = NO;
				ASSETCATALOG_COMPILER_GENERATE_SWIFT_ASSET_SYMBOL_EXTENSIONS = YES;
				CLANG_ANALYZER_NONNULL = YES;
				CLANG_ANALYZER_NUMBER_OBJECT_CONVERSION = YES_AGGRESSIVE;
				CLANG_CXX_LANGUAGE_STANDARD = "gnu++20";
				CLANG_ENABLE_MODULES = YES;
				CLANG_ENABLE_OBJC_ARC = YES;
				CLANG_ENABLE_OBJC_WEAK = YES;
				CLANG_WARN_BLOCK_CAPTURE_AUTORELEASING = YES;
				CLANG_WARN_BOOL_CONVERSION = YES;
				CLANG_WARN_COMMA = YES;
				CLANG_WARN_CONSTANT_CONVERSION = YES;
				CLANG_WARN_DEPRECATED_OBJC_IMPLEMENTATIONS = YES;
				CLANG_WARN_DIRECT_OBJC_ISA_USAGE = YES_ERROR;
				CLANG_WARN_DOCUMENTATION_COMMENTS = YES;
				CLANG_WARN_EMPTY_BODY = YES;
				CLANG_WARN_ENUM_CONVERSION = YES;
				CLANG_WARN_INFINITE_RECURSION = YES;
				CLANG_WARN_INT_CONVERSION = YES;
				CLANG_WARN_NON_LITERAL_NULL_CONVERSION = YES;
				CLANG_WARN_OBJC_IMPLICIT_RETAIN_SELF = YES;
				CLANG_WARN_OBJC_LITERAL_CONVERSION = YES;
				CLANG_WARN_OBJC_ROOT_CLASS = YES_ERROR;
				CLANG_WARN_QUOTED_INCLUDE_IN_FRAMEWORK_HEADER = YES;
				CLANG_WARN_RANGE_LOOP_ANALYSIS = YES;
				CLANG_WARN_STRICT_PROTOTYPES = YES;
				CLANG_WARN_SUSPICIOUS_MOVE = YES;
				CLANG_WARN_UNGUARDED_AVAILABILITY = YES_AGGRESSIVE;
				CLANG_WARN_UNREACHABLE_CODE = YES;
				CLANG_WARN__DUPLICATE_METHOD_MATCH = YES;
				COPY_PHASE_STRIP = NO;
				DEBUG_INFORMATION_FORMAT = dwarf;
				DEVELOPMENT_TEAM = BLD2PJU7J8;
				ENABLE_STRICT_OBJC_MSGSEND = YES;
				ENABLE_TESTABILITY = YES;
				ENABLE_USER_SCRIPT_SANDBOXING = YES;
				GCC_C_LANGUAGE_STANDARD = gnu17;
				GCC_DYNAMIC_NO_PIC = NO;
				GCC_NO_COMMON_BLOCKS = YES;
				GCC_OPTIMIZATION_LEVEL = 0;
				GCC_PREPROCESSOR_DEFINITIONS = (
					"DEBUG=1",
					"$(inherited)",
				);
				GCC_WARN_64_TO_32_BIT_CONVERSION = YES;
				GCC_WARN_ABOUT_RETURN_TYPE = YES_ERROR;
				GCC_WARN_UNDECLARED_SELECTOR = YES;
				GCC_WARN_UNINITIALIZED_AUTOS = YES_AGGRESSIVE;
				GCC_WARN_UNUSED_FUNCTION = YES;
				GCC_WARN_UNUSED_VARIABLE = YES;
				IPHONEOS_DEPLOYMENT_TARGET = 18.4;
				LOCALIZATION_PREFERS_STRING_CATALOGS = YES;
				MTL_ENABLE_DEBUG_INFO = INCLUDE_SOURCE;
				MTL_FAST_MATH = YES;
				ONLY_ACTIVE_ARCH = YES;
				SDKROOT = iphoneos;
				SWIFT_ACTIVE_COMPILATION_CONDITIONS = "DEBUG $(inherited)";
				SWIFT_OPTIMIZATION_LEVEL = "-Onone";
			};
			name = Debug;
		};
		0CB5E1302E57477400A25378 /* Release */ = {
			isa = XCBuildConfiguration;
			buildSettings = {
				ALWAYS_SEARCH_USER_PATHS = NO;
				ASSETCATALOG_COMPILER_GENERATE_SWIFT_ASSET_SYMBOL_EXTENSIONS = YES;
				CLANG_ANALYZER_NONNULL = YES;
				CLANG_ANALYZER_NUMBER_OBJECT_CONVERSION = YES_AGGRESSIVE;
				CLANG_CXX_LANGUAGE_STANDARD = "gnu++20";
				CLANG_ENABLE_MODULES = YES;
				CLANG_ENABLE_OBJC_ARC = YES;
				CLANG_ENABLE_OBJC_WEAK = YES;
				CLANG_WARN_BLOCK_CAPTURE_AUTORELEASING = YES;
				CLANG_WARN_BOOL_CONVERSION = YES;
				CLANG_WARN_COMMA = YES;
				CLANG_WARN_CONSTANT_CONVERSION = YES;
				CLANG_WARN_DEPRECATED_OBJC_IMPLEMENTATIONS = YES;
				CLANG_WARN_DIRECT_OBJC_ISA_USAGE = YES_ERROR;
				CLANG_WARN_DOCUMENTATION_COMMENTS = YES;
				CLANG_WARN_EMPTY_BODY = YES;
				CLANG_WARN_ENUM_CONVERSION = YES;
				CLANG_WARN_INFINITE_RECURSION = YES;
				CLANG_WARN_INT_CONVERSION = YES;
				CLANG_WARN_NON_LITERAL_NULL_CONVERSION = YES;
				CLANG_WARN_OBJC_IMPLICIT_RETAIN_SELF = YES;
				CLANG_WARN_OBJC_LITERAL_CONVERSION = YES;
				CLANG_WARN_OBJC_ROOT_CLASS = YES_ERROR;
				CLANG_WARN_QUOTED_INCLUDE_IN_FRAMEWORK_HEADER = YES;
				CLANG_WARN_RANGE_LOOP_ANALYSIS = YES;
				CLANG_WARN_STRICT_PROTOTYPES = YES;
				CLANG_WARN_SUSPICIOUS_MOVE = YES;
				CLANG_WARN_UNGUARDED_AVAILABILITY = YES_AGGRESSIVE;
				CLANG_WARN_UNREACHABLE_CODE = YES;
				CLANG_WARN__DUPLICATE_METHOD_MATCH = YES;
				COPY_PHASE_STRIP = NO;
				DEBUG_INFORMATION_FORMAT = "dwarf-with-dsym";
				DEVELOPMENT_TEAM = BLD2PJU7J8;
				ENABLE_NS_ASSERTIONS = NO;
				ENABLE_STRICT_OBJC_MSGSEND = YES;
				ENABLE_USER_SCRIPT_SANDBOXING = YES;
				GCC_C_LANGUAGE_STANDARD = gnu17;
				GCC_NO_COMMON_BLOCKS = YES;
				GCC_WARN_64_TO_32_BIT_CONVERSION = YES;
				GCC_WARN_ABOUT_RETURN_TYPE = YES_ERROR;
				GCC_WARN_UNDECLARED_SELECTOR = YES;
				GCC_WARN_UNINITIALIZED_AUTOS = YES_AGGRESSIVE;
				GCC_WARN_UNUSED_FUNCTION = YES;
				GCC_WARN_UNUSED_VARIABLE = YES;
				IPHONEOS_DEPLOYMENT_TARGET = 18.4;
				LOCALIZATION_PREFERS_STRING_CATALOGS = YES;
				MTL_ENABLE_DEBUG_INFO = NO;
				MTL_FAST_MATH = YES;
				SDKROOT = iphoneos;
				SWIFT_COMPILATION_MODE = wholemodule;
				VALIDATE_PRODUCT = YES;
			};
			name = Release;
		};
		0CB5E1322E57477400A25378 /* Debug */ = {
			isa = XCBuildConfiguration;
			buildSettings = {
				ASSETCATALOG_COMPILER_APPICON_NAME = AppIcon;
				ASSETCATALOG_COMPILER_GLOBAL_ACCENT_COLOR_NAME = AccentColor;
				CODE_SIGN_STYLE = Automatic;
				CURRENT_PROJECT_VERSION = 1;
				DEVELOPMENT_TEAM = BLD2PJU7J8;
				ENABLE_PREVIEWS = YES;
				GENERATE_INFOPLIST_FILE = YES;
				INFOPLIST_FILE = AIVoiceChat/Info.plist;
				INFOPLIST_KEY_NSMicrophoneUsageDescription = "We need this permission to convert your voice into chat requests.";
				INFOPLIST_KEY_UIApplicationSceneManifest_Generation = YES;
				INFOPLIST_KEY_UIApplicationSupportsIndirectInputEvents = YES;
				INFOPLIST_KEY_UILaunchScreen_Generation = YES;
				INFOPLIST_KEY_UISupportedInterfaceOrientations = UIInterfaceOrientationPortrait;
				INFOPLIST_KEY_UISupportedInterfaceOrientations_iPad = "UIInterfaceOrientationLandscapeLeft UIInterfaceOrientationLandscapeRight UIInterfaceOrientationPortrait UIInterfaceOrientationPortraitUpsideDown";
				IPHONEOS_DEPLOYMENT_TARGET = 14.0;
				LD_RUNPATH_SEARCH_PATHS = (
					"$(inherited)",
					"@executable_path/Frameworks",
				);
				MARKETING_VERSION = 1.0;
				PRODUCT_BUNDLE_IDENTIFIER = keremoflu.AIVoiceChat;
				PRODUCT_NAME = "$(TARGET_NAME)";
				SUPPORTED_PLATFORMS = "iphoneos iphonesimulator";
				SUPPORTS_MACCATALYST = NO;
				SUPPORTS_MAC_DESIGNED_FOR_IPHONE_IPAD = NO;
				SUPPORTS_XR_DESIGNED_FOR_IPHONE_IPAD = NO;
				SWIFT_EMIT_LOC_STRINGS = YES;
				SWIFT_VERSION = 5.0;
				TARGETED_DEVICE_FAMILY = 1;
			};
			name = Debug;
		};
		0CB5E1332E57477400A25378 /* Release */ = {
			isa = XCBuildConfiguration;
			buildSettings = {
				ASSETCATALOG_COMPILER_APPICON_NAME = AppIcon;
				ASSETCATALOG_COMPILER_GLOBAL_ACCENT_COLOR_NAME = AccentColor;
				CODE_SIGN_STYLE = Automatic;
				CURRENT_PROJECT_VERSION = 1;
				DEVELOPMENT_TEAM = BLD2PJU7J8;
				ENABLE_PREVIEWS = YES;
				GENERATE_INFOPLIST_FILE = YES;
				INFOPLIST_FILE = AIVoiceChat/Info.plist;
				INFOPLIST_KEY_NSMicrophoneUsageDescription = "We need this permission to convert your voice into chat requests.";
				INFOPLIST_KEY_UIApplicationSceneManifest_Generation = YES;
				INFOPLIST_KEY_UIApplicationSupportsIndirectInputEvents = YES;
				INFOPLIST_KEY_UILaunchScreen_Generation = YES;
				INFOPLIST_KEY_UISupportedInterfaceOrientations = UIInterfaceOrientationPortrait;
				INFOPLIST_KEY_UISupportedInterfaceOrientations_iPad = "UIInterfaceOrientationLandscapeLeft UIInterfaceOrientationLandscapeRight UIInterfaceOrientationPortrait UIInterfaceOrientationPortraitUpsideDown";
				IPHONEOS_DEPLOYMENT_TARGET = 14.0;
				LD_RUNPATH_SEARCH_PATHS = (
					"$(inherited)",
					"@executable_path/Frameworks",
				);
				MARKETING_VERSION = 1.0;
				PRODUCT_BUNDLE_IDENTIFIER = keremoflu.AIVoiceChat;
				PRODUCT_NAME = "$(TARGET_NAME)";
				SUPPORTED_PLATFORMS = "iphoneos iphonesimulator";
				SUPPORTS_MACCATALYST = NO;
				SUPPORTS_MAC_DESIGNED_FOR_IPHONE_IPAD = NO;
				SUPPORTS_XR_DESIGNED_FOR_IPHONE_IPAD = NO;
				SWIFT_EMIT_LOC_STRINGS = YES;
				SWIFT_VERSION = 5.0;
				TARGETED_DEVICE_FAMILY = 1;
			};
			name = Release;
		};
/* End XCBuildConfiguration section */

/* Begin XCConfigurationList section */
		0CB5E1212E57477300A25378 /* Build configuration list for PBXProject "AIVoiceChat" */ = {
			isa = XCConfigurationList;
			buildConfigurations = (
				0CB5E12F2E57477400A25378 /* Debug */,
				0CB5E1302E57477400A25378 /* Release */,
			);
			defaultConfigurationIsVisible = 0;
			defaultConfigurationName = Release;
		};
		0CB5E1312E57477400A25378 /* Build configuration list for PBXNativeTarget "AIVoiceChat" */ = {
			isa = XCConfigurationList;
			buildConfigurations = (
				0CB5E1322E57477400A25378 /* Debug */,
				0CB5E1332E57477400A25378 /* Release */,
			);
			defaultConfigurationIsVisible = 0;
			defaultConfigurationName = Release;
		};
/* End XCConfigurationList section */
	};
	rootObject = 0CB5E11E2E57477300A25378 /* Project object */;
}
